
Microsoft Visual Studio Solution File, Format Version 12.00
# Visual Studio Version 16
VisualStudioVersion = 16.0.28803.202
MinimumVisualStudioVersion = 10.0.40219.1
Project("{FAE04EC0-301F-11D3-BF4B-00C04F79EFBC}") = "first", "first\first.csproj", "{4E1A0995-91AE-40E8-829B-374210C0BA0A}"
EndProject
Global
	GlobalSection(SolutionConfigurationPlatforms) = preSolution
		Debug|Any CPU = Debug|Any CPU
		Release|Any CPU = Release|Any CPU
	EndGlobalSection
	GlobalSection(ProjectConfigurationPlatforms) = postSolution
		{4E1A0995-91AE-40E8-829B-374210C0BA0A}.Debug|Any CPU.ActiveCfg = Debug|Any CPU
		{4E1A0995-91AE-40E8-829B-374210C0BA0A}.Debug|Any CPU.Build.0 = Debug|Any CPU
		{4E1A0995-91AE-40E8-829B-374210C0BA0A}.Release|Any CPU.ActiveCfg = Release|Any CPU
		{4E1A0995-91AE-40E8-829B-374210C0BA0A}.Release|Any CPU.Build.0 = Release|Any CPU
	EndGlobalSection
	GlobalSection(SolutionProperties) = preSolution
		HideSolutionNode = FALSE
	EndGlobalSection
	GlobalSection(ExtensibilityGlobals) = postSolution
		SolutionGuid = {D3ECE5E6-402B-4B22-83B8-6491B307A810}
	EndGlobalSection
EndGlobal
